PODS:
  - AcknowList (2.1.0)
  - AFNetworking (3.2.1):
    - AFNetworking/NSURLSession (= 3.2.1)
    - AFNetworking/Reachability (= 3.2.1)
    - AFNetworking/Security (= 3.2.1)
    - AFNetworking/Serialization (= 3.2.1)
    - AFNetworking/UIKit (= 3.2.1)
  - AFNetworking/NSURLSession (3.2.1):
    - AFNetworking/Reachability
    - AFNetworking/Security
    - AFNetworking/Serialization
  - AFNetworking/Reachability (3.2.1)
  - AFNetworking/Security (3.2.1)
  - AFNetworking/Serialization (3.2.1)
  - AFNetworking/UIKit (3.2.1):
    - AFNetworking/NSURLSession
  - Alamofire (5.4.4)
  - BonMot (6.0.0)
  - Bugtags (3.2.2):
    - Bugtags/Core (= 3.2.2)
  - Bugtags/Core (3.2.2)
  - Cache (6.0.0)
  - CompositionalLayoutDSL (0.1.0)
  - CryptoSwift (1.5.0)
  - DeviceKit (4.6.0)
  - Differentiator (5.0.0)
  - DZNEmptyDataSet (1.8.1)
  - IQKeyboardManager (6.3.0)
  - KafkaRefresh (1.4.5):
    - KafkaRefresh/Category (= 1.4.5)
    - KafkaRefresh/Configuration (= 1.4.5)
    - KafkaRefresh/Core (= 1.4.5)
    - KafkaRefresh/Default (= 1.4.5)
    - KafkaRefresh/Style (= 1.4.5)
    - KafkaRefresh/UIKit (= 1.4.5)
  - KafkaRefresh/Category (1.4.5)
  - KafkaRefresh/Configuration (1.4.5):
    - KafkaRefresh/UIKit/FootKit
    - KafkaRefresh/UIKit/HeadKit
  - KafkaRefresh/Core (1.4.5):
    - KafkaRefresh/Category
  - KafkaRefresh/Default (1.4.5):
    - KafkaRefresh/Style
  - KafkaRefresh/Style (1.4.5)
  - KafkaRefresh/UIKit (1.4.5):
    - KafkaRefresh/UIKit/FootKit (= 1.4.5)
    - KafkaRefresh/UIKit/HeadKit (= 1.4.5)
    - KafkaRefresh/UIKit/LayerKit (= 1.4.5)
  - KafkaRefresh/UIKit/FootKit (1.4.5):
    - KafkaRefresh/Category
    - KafkaRefresh/Core
    - KafkaRefresh/Default
    - KafkaRefresh/Style
    - KafkaRefresh/UIKit/LayerKit
  - KafkaRefresh/UIKit/HeadKit (1.4.5):
    - KafkaRefresh/Category
    - KafkaRefresh/Core
    - KafkaRefresh/Default
    - KafkaRefresh/Style
    - KafkaRefresh/UIKit/LayerKit
  - KafkaRefresh/UIKit/LayerKit (1.4.5):
    - KafkaRefresh/Category
    - KafkaRefresh/Default
  - KeychainAccess (4.2.2)
  - Kingfisher (7.2.1)
  - KMNavigationBarTransition (1.1.10)
  - LookinServer (0.9.3)
  - Masonry (1.1.0)
  - MBProgressHUD (1.1.0)
  - MJRefresh (3.7.2)
  - Moya/Core (15.0.0):
    - Alamofire (~> 5.0)
  - Moya/RxSwift (15.0.0):
    - Moya/Core
    - RxSwift (~> 6.0)
  - MyLayout (1.8.0)
  - Nimble (9.2.1)
  - "NSObject+Rx (5.2.2)":
    - RxSwift (~> 6.2)
  - PPBadgeView (3.1.0)
  - QMUIKit (4.3.0):
    - QMUIKit/QMUIComponents (= 4.3.0)
    - QMUIKit/QMUICore (= 4.3.0)
    - QMUIKit/QMUILog (= 4.3.0)
    - QMUIKit/QMUIMainFrame (= 4.3.0)
    - QMUIKit/QMUIResources (= 4.3.0)
    - QMUIKit/QMUIWeakObjectContainer (= 4.3.0)
  - QMUIKit/QMUIComponents (4.3.0):
    - QMUIKit/QMUIComponents/NavigationBarTransition (= 4.3.0)
    - QMUIKit/QMUIComponents/QMUIAlertController (= 4.3.0)
    - QMUIKit/QMUIComponents/QMUIAnimation (= 4.3.0)
    - QMUIKit/QMUIComponents/QMUIAppearance (= 4.3.0)
    - QMUIKit/QMUIComponents/QMUIAssetLibrary (= 4.3.0)
    - QMUIKit/QMUIComponents/QMUIBadge (= 4.3.0)
    - QMUIKit/QMUIComponents/QMUIButton (= 4.3.0)
    - QMUIKit/QMUIComponents/QMUICAAnimationExtension (= 4.3.0)
    - QMUIKit/QMUIComponents/QMUICALayerExtension (= 4.3.0)
    - QMUIKit/QMUIComponents/QMUICellHeightCache (= 4.3.0)
    - QMUIKit/QMUIComponents/QMUICellHeightKeyCache (= 4.3.0)
    - QMUIKit/QMUIComponents/QMUICellSizeKeyCache (= 4.3.0)
    - QMUIKit/QMUIComponents/QMUICollectionViewPagingLayout (= 4.3.0)
    - QMUIKit/QMUIComponents/QMUIConsole (= 4.3.0)
    - QMUIKit/QMUIComponents/QMUIDialogViewController (= 4.3.0)
    - QMUIKit/QMUIComponents/QMUIEmotionInputManager (= 4.3.0)
    - QMUIKit/QMUIComponents/QMUIEmotionView (= 4.3.0)
    - QMUIKit/QMUIComponents/QMUIEmptyView (= 4.3.0)
    - QMUIKit/QMUIComponents/QMUIFillButton (= 4.3.0)
    - QMUIKit/QMUIComponents/QMUIFloatLayoutView (= 4.3.0)
    - QMUIKit/QMUIComponents/QMUIGhostButton (= 4.3.0)
    - QMUIKit/QMUIComponents/QMUIGridView (= 4.3.0)
    - QMUIKit/QMUIComponents/QMUIImagePickerLibrary (= 4.3.0)
    - QMUIKit/QMUIComponents/QMUIImagePreviewView (= 4.3.0)
    - QMUIKit/QMUIComponents/QMUIKeyboardManager (= 4.3.0)
    - QMUIKit/QMUIComponents/QMUILabel (= 4.3.0)
    - QMUIKit/QMUIComponents/QMUILogManagerViewController (= 4.3.0)
    - QMUIKit/QMUIComponents/QMUILogWithConfigurationSupported (= 4.3.0)
    - QMUIKit/QMUIComponents/QMUIMarqueeLabel (= 4.3.0)
    - QMUIKit/QMUIComponents/QMUIModalPresentationViewController (= 4.3.0)
    - QMUIKit/QMUIComponents/QMUIMoreOperationController (= 4.3.0)
    - QMUIKit/QMUIComponents/QMUIMultipleDelegates (= 4.3.0)
    - QMUIKit/QMUIComponents/QMUINavigationButton (= 4.3.0)
    - QMUIKit/QMUIComponents/QMUINavigationTitleView (= 4.3.0)
    - QMUIKit/QMUIComponents/QMUIOrderedDictionary (= 4.3.0)
    - QMUIKit/QMUIComponents/QMUIPieProgressView (= 4.3.0)
    - QMUIKit/QMUIComponents/QMUIPopupContainerView (= 4.3.0)
    - QMUIKit/QMUIComponents/QMUIPopupMenuView (= 4.3.0)
    - QMUIKit/QMUIComponents/QMUIScrollAnimator (= 4.3.0)
    - QMUIKit/QMUIComponents/QMUISearchBar (= 4.3.0)
    - QMUIKit/QMUIComponents/QMUISearchController (= 4.3.0)
    - QMUIKit/QMUIComponents/QMUISegmentedControl (= 4.3.0)
    - QMUIKit/QMUIComponents/QMUISlider (= 4.3.0)
    - QMUIKit/QMUIComponents/QMUIStaticTableView (= 4.3.0)
    - QMUIKit/QMUIComponents/QMUITableView (= 4.3.0)
    - QMUIKit/QMUIComponents/QMUITableViewCell (= 4.3.0)
    - QMUIKit/QMUIComponents/QMUITableViewHeaderFooterView (= 4.3.0)
    - QMUIKit/QMUIComponents/QMUITableViewProtocols (= 4.3.0)
    - QMUIKit/QMUIComponents/QMUITestView (= 4.3.0)
    - QMUIKit/QMUIComponents/QMUITextField (= 4.3.0)
    - QMUIKit/QMUIComponents/QMUITextView (= 4.3.0)
    - QMUIKit/QMUIComponents/QMUITheme (= 4.3.0)
    - QMUIKit/QMUIComponents/QMUITips (= 4.3.0)
    - QMUIKit/QMUIComponents/QMUIToastView (= 4.3.0)
    - QMUIKit/QMUIComponents/QMUIToolbarButton (= 4.3.0)
    - QMUIKit/QMUIComponents/QMUIWindowSizeMonitor (= 4.3.0)
    - QMUIKit/QMUIComponents/QMUIZoomImageView (= 4.3.0)
    - QMUIKit/QMUICore
  - QMUIKit/QMUIComponents/NavigationBarTransition (4.3.0):
    - QMUIKit/QMUIComponents/QMUINavigationTitleView
    - QMUIKit/QMUICore
    - QMUIKit/QMUIMainFrame
  - QMUIKit/QMUIComponents/QMUIAlertController (4.3.0):
    - QMUIKit/QMUIComponents/QMUIAppearance
    - QMUIKit/QMUIComponents/QMUIButton
    - QMUIKit/QMUIComponents/QMUIKeyboardManager
    - QMUIKit/QMUIComponents/QMUILabel
    - QMUIKit/QMUIComponents/QMUIModalPresentationViewController
    - QMUIKit/QMUIComponents/QMUITextField
    - QMUIKit/QMUICore
  - QMUIKit/QMUIComponents/QMUIAnimation (4.3.0):
    - QMUIKit/QMUICore
  - QMUIKit/QMUIComponents/QMUIAppearance (4.3.0):
    - QMUIKit/QMUICore
  - QMUIKit/QMUIComponents/QMUIAssetLibrary (4.3.0):
    - QMUIKit/QMUICore
  - QMUIKit/QMUIComponents/QMUIBadge (4.3.0):
    - QMUIKit/QMUIComponents/QMUILabel
    - QMUIKit/QMUICore
  - QMUIKit/QMUIComponents/QMUIButton (4.3.0):
    - QMUIKit/QMUICore
  - QMUIKit/QMUIComponents/QMUICAAnimationExtension (4.3.0):
    - QMUIKit/QMUIComponents/QMUIMultipleDelegates
    - QMUIKit/QMUICore
  - QMUIKit/QMUIComponents/QMUICALayerExtension (4.3.0):
    - QMUIKit/QMUIComponents/QMUIMultipleDelegates
    - QMUIKit/QMUICore
  - QMUIKit/QMUIComponents/QMUICellHeightCache (4.3.0):
    - QMUIKit/QMUIComponents/QMUITableViewProtocols
    - QMUIKit/QMUICore
  - QMUIKit/QMUIComponents/QMUICellHeightKeyCache (4.3.0):
    - QMUIKit/QMUIComponents/QMUIMultipleDelegates
    - QMUIKit/QMUIComponents/QMUITableViewProtocols
    - QMUIKit/QMUICore
  - QMUIKit/QMUIComponents/QMUICellSizeKeyCache (4.3.0):
    - QMUIKit/QMUIComponents/QMUIMultipleDelegates
    - QMUIKit/QMUICore
  - QMUIKit/QMUIComponents/QMUICollectionViewPagingLayout (4.3.0):
    - QMUIKit/QMUICore
  - QMUIKit/QMUIComponents/QMUIConsole (4.3.0):
    - QMUIKit/QMUIComponents/QMUIButton
    - QMUIKit/QMUIComponents/QMUICAAnimationExtension
    - QMUIKit/QMUIComponents/QMUICellHeightKeyCache
    - QMUIKit/QMUIComponents/QMUIPopupMenuView
    - QMUIKit/QMUIComponents/QMUITableView
    - QMUIKit/QMUIComponents/QMUITableViewCell
    - QMUIKit/QMUIComponents/QMUITextField
    - QMUIKit/QMUIComponents/QMUITextView
    - QMUIKit/QMUICore
    - QMUIKit/QMUIResources
  - QMUIKit/QMUIComponents/QMUIDialogViewController (4.3.0):
    - QMUIKit/QMUIComponents/QMUIAppearance
    - QMUIKit/QMUIComponents/QMUIButton
    - QMUIKit/QMUIComponents/QMUILabel
    - QMUIKit/QMUIComponents/QMUIModalPresentationViewController
    - QMUIKit/QMUIComponents/QMUINavigationTitleView
    - QMUIKit/QMUIComponents/QMUITableView
    - QMUIKit/QMUIComponents/QMUITableViewCell
    - QMUIKit/QMUIComponents/QMUITextField
    - QMUIKit/QMUICore
    - QMUIKit/QMUIMainFrame
  - QMUIKit/QMUIComponents/QMUIEmotionInputManager (4.3.0):
    - QMUIKit/QMUIComponents/QMUIEmotionView
    - QMUIKit/QMUICore
  - QMUIKit/QMUIComponents/QMUIEmotionView (4.3.0):
    - QMUIKit/QMUIComponents/QMUIButton
    - QMUIKit/QMUICore
    - QMUIKit/QMUIResources
  - QMUIKit/QMUIComponents/QMUIEmptyView (4.3.0):
    - QMUIKit/QMUIComponents/QMUIAppearance
    - QMUIKit/QMUIComponents/QMUIButton
    - QMUIKit/QMUICore
  - QMUIKit/QMUIComponents/QMUIFillButton (4.3.0):
    - QMUIKit/QMUIComponents/QMUIButton
    - QMUIKit/QMUICore
  - QMUIKit/QMUIComponents/QMUIFloatLayoutView (4.3.0):
    - QMUIKit/QMUICore
  - QMUIKit/QMUIComponents/QMUIGhostButton (4.3.0):
    - QMUIKit/QMUIComponents/QMUIButton
    - QMUIKit/QMUICore
  - QMUIKit/QMUIComponents/QMUIGridView (4.3.0):
    - QMUIKit/QMUICore
  - QMUIKit/QMUIComponents/QMUIImagePickerLibrary (4.3.0):
    - QMUIKit/QMUIComponents/QMUIAlertController
    - QMUIKit/QMUIComponents/QMUIAppearance
    - QMUIKit/QMUIComponents/QMUIAssetLibrary
    - QMUIKit/QMUIComponents/QMUIButton
    - QMUIKit/QMUIComponents/QMUIEmptyView
    - QMUIKit/QMUIComponents/QMUIImagePreviewView
    - QMUIKit/QMUIComponents/QMUINavigationButton
    - QMUIKit/QMUIComponents/QMUITableViewCell
    - QMUIKit/QMUIComponents/QMUIZoomImageView
    - QMUIKit/QMUICore
    - QMUIKit/QMUIMainFrame
    - QMUIKit/QMUIResources
  - QMUIKit/QMUIComponents/QMUIImagePreviewView (4.3.0):
    - QMUIKit/QMUIComponents/QMUIAppearance
    - QMUIKit/QMUIComponents/QMUIButton
    - QMUIKit/QMUIComponents/QMUICollectionViewPagingLayout
    - QMUIKit/QMUIComponents/QMUIEmptyView
    - QMUIKit/QMUIComponents/QMUIPieProgressView
    - QMUIKit/QMUIComponents/QMUIZoomImageView
    - QMUIKit/QMUICore
    - QMUIKit/QMUIMainFrame
  - QMUIKit/QMUIComponents/QMUIKeyboardManager (4.3.0):
    - QMUIKit/QMUIComponents/QMUIAppearance
    - QMUIKit/QMUIComponents/QMUIMultipleDelegates
    - QMUIKit/QMUICore
  - QMUIKit/QMUIComponents/QMUILabel (4.3.0):
    - QMUIKit/QMUICore
  - QMUIKit/QMUIComponents/QMUILogManagerViewController (4.3.0):
    - QMUIKit/QMUIComponents/QMUIPopupMenuView
    - QMUIKit/QMUIComponents/QMUISearchController
    - QMUIKit/QMUIComponents/QMUIStaticTableView
    - QMUIKit/QMUIComponents/QMUITableView
    - QMUIKit/QMUICore
    - QMUIKit/QMUIMainFrame
  - QMUIKit/QMUIComponents/QMUILogWithConfigurationSupported (4.3.0):
    - QMUIKit/QMUICore
  - QMUIKit/QMUIComponents/QMUIMarqueeLabel (4.3.0):
    - QMUIKit/QMUICore
  - QMUIKit/QMUIComponents/QMUIModalPresentationViewController (4.3.0):
    - QMUIKit/QMUIComponents/QMUIAppearance
    - QMUIKit/QMUIComponents/QMUIKeyboardManager
    - QMUIKit/QMUICore
  - QMUIKit/QMUIComponents/QMUIMoreOperationController (4.3.0):
    - QMUIKit/QMUIComponents/QMUIAppearance
    - QMUIKit/QMUIComponents/QMUIButton
    - QMUIKit/QMUIComponents/QMUIModalPresentationViewController
    - QMUIKit/QMUICore
  - QMUIKit/QMUIComponents/QMUIMultipleDelegates (4.3.0):
    - QMUIKit/QMUICore
  - QMUIKit/QMUIComponents/QMUINavigationButton (4.3.0):
    - QMUIKit/QMUICore
    - QMUIKit/QMUIMainFrame
  - QMUIKit/QMUIComponents/QMUINavigationTitleView (4.3.0):
    - QMUIKit/QMUIComponents/QMUIAppearance
    - QMUIKit/QMUIComponents/QMUIButton
    - QMUIKit/QMUICore
  - QMUIKit/QMUIComponents/QMUIOrderedDictionary (4.3.0):
    - QMUIKit/QMUICore
  - QMUIKit/QMUIComponents/QMUIPieProgressView (4.3.0):
    - QMUIKit/QMUICore
  - QMUIKit/QMUIComponents/QMUIPopupContainerView (4.3.0):
    - QMUIKit/QMUIComponents/QMUIAppearance
    - QMUIKit/QMUICore
    - QMUIKit/QMUIMainFrame
  - QMUIKit/QMUIComponents/QMUIPopupMenuView (4.3.0):
    - QMUIKit/QMUIComponents/QMUIButton
    - QMUIKit/QMUIComponents/QMUIPopupContainerView
    - QMUIKit/QMUICore
  - QMUIKit/QMUIComponents/QMUIScrollAnimator (4.3.0):
    - QMUIKit/QMUIComponents/QMUIMultipleDelegates
    - QMUIKit/QMUICore
  - QMUIKit/QMUIComponents/QMUISearchBar (4.3.0):
    - QMUIKit/QMUICore
  - QMUIKit/QMUIComponents/QMUISearchController (4.3.0):
    - QMUIKit/QMUIComponents/QMUIEmptyView
    - QMUIKit/QMUIComponents/QMUISearchBar
    - QMUIKit/QMUICore
    - QMUIKit/QMUIMainFrame
  - QMUIKit/QMUIComponents/QMUISegmentedControl (4.3.0):
    - QMUIKit/QMUICore
  - QMUIKit/QMUIComponents/QMUISlider (4.3.0):
    - QMUIKit/QMUICore
  - QMUIKit/QMUIComponents/QMUIStaticTableView (4.3.0):
    - QMUIKit/QMUIComponents/QMUIMultipleDelegates
    - QMUIKit/QMUIComponents/QMUITableViewCell
    - QMUIKit/QMUICore
  - QMUIKit/QMUIComponents/QMUITableView (4.3.0):
    - QMUIKit/QMUIComponents/QMUITableViewProtocols
    - QMUIKit/QMUICore
  - QMUIKit/QMUIComponents/QMUITableViewCell (4.3.0):
    - QMUIKit/QMUIComponents/QMUIButton
    - QMUIKit/QMUICore
  - QMUIKit/QMUIComponents/QMUITableViewHeaderFooterView (4.3.0):
    - QMUIKit/QMUICore
  - QMUIKit/QMUIComponents/QMUITableViewProtocols (4.3.0):
    - QMUIKit/QMUICore
  - QMUIKit/QMUIComponents/QMUITestView (4.3.0):
    - QMUIKit/QMUICore
  - QMUIKit/QMUIComponents/QMUITextField (4.3.0):
    - QMUIKit/QMUIComponents/QMUIMultipleDelegates
    - QMUIKit/QMUICore
  - QMUIKit/QMUIComponents/QMUITextView (4.3.0):
    - QMUIKit/QMUIComponents/QMUILabel
    - QMUIKit/QMUIComponents/QMUIMultipleDelegates
    - QMUIKit/QMUICore
  - QMUIKit/QMUIComponents/QMUITheme (4.3.0):
    - QMUIKit/QMUIComponents/QMUIAlertController
    - QMUIKit/QMUIComponents/QMUIBadge
    - QMUIKit/QMUIComponents/QMUIButton
    - QMUIKit/QMUIComponents/QMUIConsole
    - QMUIKit/QMUIComponents/QMUIEmotionView
    - QMUIKit/QMUIComponents/QMUIEmptyView
    - QMUIKit/QMUIComponents/QMUIFillButton
    - QMUIKit/QMUIComponents/QMUIGhostButton
    - QMUIKit/QMUIComponents/QMUIGridView
    - QMUIKit/QMUIComponents/QMUIImagePickerLibrary
    - QMUIKit/QMUIComponents/QMUIImagePreviewView
    - QMUIKit/QMUIComponents/QMUILabel
    - QMUIKit/QMUIComponents/QMUIModalPresentationViewController
    - QMUIKit/QMUIComponents/QMUIPopupContainerView
    - QMUIKit/QMUIComponents/QMUIPopupMenuView
    - QMUIKit/QMUIComponents/QMUISlider
    - QMUIKit/QMUIComponents/QMUITextField
    - QMUIKit/QMUIComponents/QMUITextView
    - QMUIKit/QMUIComponents/QMUIToastView
    - QMUIKit/QMUICore
  - QMUIKit/QMUIComponents/QMUITips (4.3.0):
    - QMUIKit/QMUIComponents/QMUIToastView
    - QMUIKit/QMUICore
    - QMUIKit/QMUIResources
  - QMUIKit/QMUIComponents/QMUIToastView (4.3.0):
    - QMUIKit/QMUIComponents/QMUIKeyboardManager
    - QMUIKit/QMUICore
  - QMUIKit/QMUIComponents/QMUIToolbarButton (4.3.0):
    - QMUIKit/QMUICore
  - QMUIKit/QMUIComponents/QMUIWindowSizeMonitor (4.3.0):
    - QMUIKit/QMUICore
  - QMUIKit/QMUIComponents/QMUIZoomImageView (4.3.0):
    - QMUIKit/QMUIComponents/QMUIAssetLibrary
    - QMUIKit/QMUIComponents/QMUIButton
    - QMUIKit/QMUIComponents/QMUIEmptyView
    - QMUIKit/QMUIComponents/QMUIPieProgressView
    - QMUIKit/QMUIComponents/QMUISlider
    - QMUIKit/QMUICore
    - QMUIKit/QMUIResources
  - QMUIKit/QMUICore (4.3.0):
    - QMUIKit/QMUILog
    - QMUIKit/QMUIWeakObjectContainer
  - QMUIKit/QMUILog (4.3.0)
  - QMUIKit/QMUIMainFrame (4.3.0):
    - QMUIKit/QMUIComponents/QMUIEmptyView
    - QMUIKit/QMUIComponents/QMUIKeyboardManager
    - QMUIKit/QMUIComponents/QMUIMultipleDelegates
    - QMUIKit/QMUIComponents/QMUINavigationTitleView
    - QMUIKit/QMUIComponents/QMUITableView
    - QMUIKit/QMUIComponents/QMUITableViewHeaderFooterView
    - QMUIKit/QMUICore
    - QMUIKit/QMUILog
  - QMUIKit/QMUIResources (4.3.0)
  - QMUIKit/QMUIWeakObjectContainer (4.3.0)
  - Quick (4.0.0)
  - R.objc (0.8.2)
  - R.swift (6.1.0):
    - R.swift.Library (~> 5.3.0)
  - R.swift.Library (5.3.0)
  - ReactiveObjC (3.1.1)
  - ReactorKit (3.2.0):
    - RxSwift (~> 6.0)
    - WeakMapTable (~> 1.1)
  - ReusableKit (3.0.0):
    - ReusableKit/Core (= 3.0.0)
  - ReusableKit/Core (3.0.0)
  - RxCocoa (6.2.0):
    - RxRelay (= 6.2.0)
    - RxSwift (= 6.2.0)
  - RxDataSources (5.0.0):
    - Differentiator (~> 5.0)
    - RxCocoa (~> 6.0)
    - RxSwift (~> 6.0)
  - RxKingfisher (2.1.0):
    - Kingfisher (~> 7)
    - RxCocoa (~> 6)
    - RxSwift (~> 6)
  - RxOptional (5.0.2):
    - RxCocoa (~> 6.0)
    - RxSwift (~> 6.0)
  - RxRelay (6.2.0):
    - RxSwift (= 6.2.0)
  - RxSwift (6.2.0)
  - RxSwiftExt (6.0.1):
    - RxSwiftExt/Core (= 6.0.1)
    - RxSwiftExt/RxCocoa (= 6.0.1)
  - RxSwiftExt/Core (6.0.1):
    - RxSwift (~> 6.0)
  - RxSwiftExt/RxCocoa (6.0.1):
    - RxCocoa (~> 6.0)
    - RxSwiftExt/Core
  - RxTheme (6.0.0):
    - RxCocoa (~> 6.0)
    - RxSwift (~> 6.0)
  - RxViewController (2.0.0):
    - RxCocoa (~> 6.0)
    - RxSwift (~> 6.0)
  - SDCycleScrollView (1.82):
    - SDWebImage (>= 5.0.0)
  - SDWebImage (5.9.0):
    - SDWebImage/Core (= 5.9.0)
  - SDWebImage/Core (5.9.0)
  - SPAlert (4.2.0)
  - SwiftEntryKit (2.0.0)
  - SwifterSwift (5.2.0):
    - SwifterSwift/AppKit (= 5.2.0)
    - SwifterSwift/CoreAnimation (= 5.2.0)
    - SwifterSwift/CoreGraphics (= 5.2.0)
    - SwifterSwift/CoreLocation (= 5.2.0)
    - SwifterSwift/Dispatch (= 5.2.0)
    - SwifterSwift/Foundation (= 5.2.0)
    - SwifterSwift/MapKit (= 5.2.0)
    - SwifterSwift/SceneKit (= 5.2.0)
    - SwifterSwift/SpriteKit (= 5.2.0)
    - SwifterSwift/StoreKit (= 5.2.0)
    - SwifterSwift/SwiftStdlib (= 5.2.0)
    - SwifterSwift/UIKit (= 5.2.0)
  - SwifterSwift/AppKit (5.2.0)
  - SwifterSwift/CoreAnimation (5.2.0)
  - SwifterSwift/CoreGraphics (5.2.0)
  - SwifterSwift/CoreLocation (5.2.0)
  - SwifterSwift/Dispatch (5.2.0)
  - SwifterSwift/Foundation (5.2.0)
  - SwifterSwift/MapKit (5.2.0)
  - SwifterSwift/SceneKit (5.2.0)
  - SwifterSwift/SpriteKit (5.2.0)
  - SwifterSwift/StoreKit (5.2.0)
  - SwifterSwift/SwiftStdlib (5.2.0)
  - SwifterSwift/UIKit (5.2.0)
  - SwiftMessages (9.0.6):
    - SwiftMessages/App (= 9.0.6)
  - SwiftMessages/App (9.0.6)
  - SwiftyFitsize (1.4.0):
    - DeviceKit
  - SwiftyImage (1.6.0)
  - TFDropDownMenu (1.1.0):
    - Masonry
  - Then (2.7.0)
  - TinyConstraints (4.0.2)
  - Toaster (2.3.0)
  - TUIChat (5.7.1435):
    - TUIChat/Cell (= 5.7.1435)
    - TUIChat/DataProvider (= 5.7.1435)
    - TUIChat/Service (= 5.7.1435)
    - TUIChat/UI (= 5.7.1435)
    - TUIChat/VoiceConvert (= 5.7.1435)
    - TUICore (= 5.7.1435)
  - TUIChat/Cell (5.7.1435):
    - TUIChat/Cell/CellData (= 5.7.1435)
    - TUIChat/Cell/CellUI (= 5.7.1435)
    - TUICore (= 5.7.1435)
  - TUIChat/Cell/CellData (5.7.1435):
    - TUIChat/Cell/CellData/Base (= 5.7.1435)
    - TUIChat/Cell/CellData/Chat (= 5.7.1435)
    - TUIChat/Cell/CellData/Custom (= 5.7.1435)
    - TUICore (= 5.7.1435)
  - TUIChat/Cell/CellData/Base (5.7.1435):
    - TUIChat/VoiceConvert
    - TUICore (= 5.7.1435)
  - TUIChat/Cell/CellData/Chat (5.7.1435):
    - TUIChat/Cell/CellData/Base
    - TUICore (= 5.7.1435)
  - TUIChat/Cell/CellData/Custom (5.7.1435):
    - TUIChat/Cell/CellData/Chat
    - TUICore (= 5.7.1435)
  - TUIChat/Cell/CellUI (5.7.1435):
    - TUIChat/Cell/CellUI/Base (= 5.7.1435)
    - TUIChat/Cell/CellUI/Chat (= 5.7.1435)
    - TUIChat/Cell/CellUI/Custom (= 5.7.1435)
    - TUICore (= 5.7.1435)
  - TUIChat/Cell/CellUI/Base (5.7.1435):
    - TUIChat/Cell/CellData
    - TUICore (= 5.7.1435)
  - TUIChat/Cell/CellUI/Chat (5.7.1435):
    - TUIChat/Cell/CellUI/Base
    - TUICore (= 5.7.1435)
  - TUIChat/Cell/CellUI/Custom (5.7.1435):
    - TUIChat/Cell/CellUI/Chat
    - TUICore (= 5.7.1435)
  - TUIChat/DataProvider (5.7.1435):
    - TUIChat/Cell
    - TUICore (= 5.7.1435)
  - TUIChat/Service (5.7.1435):
    - TUIChat/UI
    - TUICore (= 5.7.1435)
  - TUIChat/UI (5.7.1435):
    - TUIChat/UI/Base (= 5.7.1435)
    - TUIChat/UI/Chat (= 5.7.1435)
    - TUIChat/UI/Forward (= 5.7.1435)
    - TUIChat/UI/Input (= 5.7.1435)
    - TUIChat/UI/Pendency (= 5.7.1435)
    - TUICore (= 5.7.1435)
  - TUIChat/UI/Base (5.7.1435):
    - TUIChat/UI/Base/Camera (= 5.7.1435)
    - TUIChat/UI/Base/Media (= 5.7.1435)
    - TUICore (= 5.7.1435)
  - TUIChat/UI/Base/Camera (5.7.1435):
    - TUIChat/DataProvider
    - TUICore (= 5.7.1435)
  - TUIChat/UI/Base/Media (5.7.1435):
    - TUIChat/UI/Base/Camera
    - TUICore (= 5.7.1435)
  - TUIChat/UI/Chat (5.7.1435):
    - TUIChat/UI/Forward
    - TUIChat/UI/Input
    - TUIChat/UI/Pendency
    - TUICore (= 5.7.1435)
  - TUIChat/UI/Forward (5.7.1435):
    - TUIChat/UI/Base
    - TUICore (= 5.7.1435)
  - TUIChat/UI/Input (5.7.1435):
    - TUIChat/UI/Base
    - TUICore (= 5.7.1435)
  - TUIChat/UI/Pendency (5.7.1435):
    - TUIChat/UI/Base
    - TUICore (= 5.7.1435)
  - TUIChat/VoiceConvert (5.7.1435):
    - TUICore (= 5.7.1435)
  - TUIConversation (5.7.1435):
    - TUIConversation/Cell (= 5.7.1435)
    - TUIConversation/DataProvider (= 5.7.1435)
    - TUIConversation/Service (= 5.7.1435)
    - TUIConversation/UI (= 5.7.1435)
  - TUIConversation/Cell (5.7.1435):
    - TUIConversation/Cell/CellData (= 5.7.1435)
    - TUIConversation/Cell/CellUI (= 5.7.1435)
  - TUIConversation/Cell/CellData (5.7.1435):
    - TUICore (= 5.7.1435)
  - TUIConversation/Cell/CellUI (5.7.1435):
    - TUIConversation/Cell/CellData
  - TUIConversation/DataProvider (5.7.1435):
    - TUIConversation/Cell
  - TUIConversation/Service (5.7.1435):
    - TUIConversation/UI
  - TUIConversation/UI (5.7.1435):
    - TUIConversation/DataProvider
  - TUICore (5.7.1435):
    - ReactiveObjC (= 3.1.1)
    - SDWebImage (= 5.9.0)
    - TXIMSDK_Plus_iOS (= 5.7.1435)
  - TUIGroup (5.7.1435):
    - TUIGroup/Cell (= 5.7.1435)
    - TUIGroup/DataProvider (= 5.7.1435)
    - TUIGroup/Service (= 5.7.1435)
    - TUIGroup/UI (= 5.7.1435)
  - TUIGroup/Cell (5.7.1435):
    - TUIGroup/Cell/CellData (= 5.7.1435)
    - TUIGroup/Cell/CellUI (= 5.7.1435)
  - TUIGroup/Cell/CellData (5.7.1435):
    - TUICore (= 5.7.1435)
  - TUIGroup/Cell/CellUI (5.7.1435):
    - TUIGroup/Cell/CellData
  - TUIGroup/DataProvider (5.7.1435):
    - TUIGroup/Cell
  - TUIGroup/Service (5.7.1435):
    - TUIGroup/UI
  - TUIGroup/UI (5.7.1435):
    - TUIGroup/DataProvider
  - TXIMSDK_Plus_iOS (5.7.1435)
  - Typhoon (4.0.8):
    - Typhoon/DeallocNotifier (= 4.0.8)
    - Typhoon/IntrospectionUtils (= 4.0.8)
    - Typhoon/no-arc (= 4.0.8)
  - Typhoon/DeallocNotifier (4.0.8)
  - Typhoon/IntrospectionUtils (4.0.8)
  - Typhoon/no-arc (4.0.8):
    - Typhoon/IntrospectionUtils
  - TZImagePickerController (3.6.6)
  - UITextView-WZB (1.1.1)
  - ViewAnimator (3.1.0)
  - WeakMapTable (1.2.0)
  - WMPageController (2.5.2)
  - YYCache (1.0.4)
  - YYImage (1.0.4):
    - YYImage/Core (= 1.0.4)
  - YYImage/Core (1.0.4)
  - YYModel (1.0.4)
  - YYText (1.0.7)
  - YYWebImage (1.0.5):
    - YYCache
    - YYImage

DEPENDENCIES:
  - AcknowList
  - AFNetworking
  - Alamofire (= 5.4.4)
  - BonMot
  - Bugtags
  - Cache
  - CompositionalLayoutDSL (~> 0.1.0)
  - CryptoSwift
  - DeviceKit
  - DZNEmptyDataSet
  - IQKeyboardManager
  - KafkaRefresh
  - KeychainAccess
  - Kingfisher
  - KMNavigationBarTransition (from `https://github.com/wokua/KMNavigationBarTransition`)
  - LookinServer
  - Masonry
  - MBProgressHUD
  - MJRefresh
  - Moya/RxSwift
  - MyLayout
  - Nimble
  - "NSObject+Rx"
  - PPBadgeView
  - QMUIKit
  - Quick (from `https://github.com/mimibuduo123/Quick.git`, branch `bugfix_Xcode13.3`)
  - R.objc
  - R.swift
  - ReactiveObjC
  - ReactorKit
  - ReusableKit
  - RxCocoa (= 6.2.0)
  - RxDataSources
  - RxKingfisher (from `https://github.com/sephilex/RxKingfisher.git`)
  - RxOptional
  - RxSwift (= 6.2.0)
  - RxSwiftExt
  - RxTheme
  - RxViewController
  - SDCycleScrollView
  - SPAlert
  - SwiftEntryKit
  - SwifterSwift
  - SwiftMessages
  - SwiftyFitsize (from `https://github.com/sephilex-dev/SwiftyFitsize.git`)
  - SwiftyImage (~> 1.1)
  - TFDropDownMenu
  - Then
  - TinyConstraints
  - Toaster
  - TUIChat
  - TUIConversation
  - TUIGroup
  - Typhoon
  - TZImagePickerController
  - UITextView-WZB
  - ViewAnimator
  - WMPageController
  - YYCache
  - YYImage
  - YYModel
  - YYText
  - YYWebImage

SPEC REPOS:
  trunk:
    - AcknowList
    - AFNetworking
    - Alamofire
    - BonMot
    - Bugtags
    - Cache
    - CompositionalLayoutDSL
    - CryptoSwift
    - DeviceKit
    - Differentiator
    - DZNEmptyDataSet
    - IQKeyboardManager
    - KafkaRefresh
    - KeychainAccess
    - Kingfisher
    - LookinServer
    - Masonry
    - MBProgressHUD
    - MJRefresh
    - Moya
    - MyLayout
    - Nimble
    - "NSObject+Rx"
    - PPBadgeView
    - QMUIKit
    - R.objc
    - R.swift
    - R.swift.Library
    - ReactiveObjC
    - ReactorKit
    - ReusableKit
    - RxCocoa
    - RxDataSources
    - RxOptional
    - RxRelay
    - RxSwift
    - RxSwiftExt
    - RxTheme
    - RxViewController
    - SDCycleScrollView
    - SDWebImage
    - SPAlert
    - SwiftEntryKit
    - SwifterSwift
    - SwiftMessages
    - SwiftyImage
    - TFDropDownMenu
    - Then
    - TinyConstraints
    - Toaster
    - TUIChat
    - TUIConversation
    - TUICore
    - TUIGroup
    - TXIMSDK_Plus_iOS
    - Typhoon
    - TZImagePickerController
    - UITextView-WZB
    - ViewAnimator
    - WeakMapTable
    - WMPageController
    - YYCache
    - YYImage
    - YYModel
    - YYText
    - YYWebImage

EXTERNAL SOURCES:
  KMNavigationBarTransition:
    :git: https://github.com/wokua/KMNavigationBarTransition
  Quick:
    :branch: bugfix_Xcode13.3
    :git: https://github.com/mimibuduo123/Quick.git
  RxKingfisher:
    :git: https://github.com/sephilex/RxKingfisher.git
  SwiftyFitsize:
    :git: https://github.com/sephilex-dev/SwiftyFitsize.git

CHECKOUT OPTIONS:
  KMNavigationBarTransition:
    :commit: 1427ca3901cdf6a473479e717984bf3872e3cd51
    :git: https://github.com/wokua/KMNavigationBarTransition
  Quick:
    :commit: 1604d4c62c2684915bb516b2a6685d5128d2af12
    :git: https://github.com/mimibuduo123/Quick.git
  RxKingfisher:
    :commit: 73855ea066c5d2239c1149a5187d395149744ba8
    :git: https://github.com/sephilex/RxKingfisher.git
  SwiftyFitsize:
    :commit: 037dc961dc50dc6634d778c954d779dffc9c2248
    :git: https://github.com/sephilex-dev/SwiftyFitsize.git

SPEC CHECKSUMS:
  AcknowList: bb4f8090d41d1d59302c8159fa31b17b442a4749
  AFNetworking: b6f891fdfaed196b46c7a83cf209e09697b94057
  Alamofire: f3b09a368f1582ab751b3fff5460276e0d2cf5c9
  BonMot: fb2b6a2209cb3149aca37b7131d49c051c04ae86
  Bugtags: ef378d7461c01a3d316062524d9d8792295c0f77
  Cache: 4ca7e00363fca5455f26534e5607634c820ffc2d
  CompositionalLayoutDSL: d260ea8b6e35ac2d1501b41670f474cd4c2162b2
  CryptoSwift: e5f0de6d04b680a1b921d8746e368953cb068b9b
  DeviceKit: 834dd8aa1be53cd85364d8f49aa5d98bfac397c4
  Differentiator: e8497ceab83c1b10ca233716d547b9af21b9344d
  DZNEmptyDataSet: 9525833b9e68ac21c30253e1d3d7076cc828eaa7
  IQKeyboardManager: 2ca9d64893247556f53523dcd8d78641f0ba7c23
  KafkaRefresh: ae3ffbe8311d70df1f4216d9e08d07e1c5844f1c
  KeychainAccess: c0c4f7f38f6fc7bbe58f5702e25f7bd2f65abf51
  Kingfisher: 7c084bebf7d548c623ad41bcf765fb200efed369
  KMNavigationBarTransition: ceea7a78462b6d9910cf6dba93465a7e9168a1b7
  LookinServer: 44f1b5f32743dc61068a156ff86b5b47d0a82943
  Masonry: 678fab65091a9290e40e2832a55e7ab731aad201
  MBProgressHUD: e7baa36a220447d8aeb12769bf0585582f3866d9
  MJRefresh: 30997d30b347c8e9508a4db11e3a690da0c9b85a
  Moya: 138f0573e53411fb3dc17016add0b748dfbd78ee
  MyLayout: eb96a486df5c34d126ef016c6390eb377ad064bb
  Nimble: e7e615c0335ee4bf5b0d786685451e62746117d5
  "NSObject+Rx": 61cf1f7306a73dcef8b36649198af0813ec18dfd
  PPBadgeView: b50a223638970fd0781e8753250385864b6dd2fe
  QMUIKit: 67888be9aa0ee0b12b8a219fcea2eec900afd841
  Quick: 5dc45f9bc11236594a7acc99f7bd85ecdc9a477d
  R.objc: bd0a4ef693bc8f9daa4e658d99afe1e01d204e7d
  R.swift: ec98ff71c4ab2f6fd01dd077e5afd15e63a4834c
  R.swift.Library: 0fc583cb55a99e28901299cc451614cad1161962
  ReactiveObjC: 011caa393aa0383245f2dcf9bf02e86b80b36040
  ReactorKit: e8b11d6b9c415405f381669b095c154a05b59eca
  ReusableKit: e5f853ad4652e411f96b6119b2488afa12929be6
  RxCocoa: 4baf94bb35f2c0ab31bc0cb9f1900155f646ba42
  RxDataSources: aa47cc1ed6c500fa0dfecac5c979b723542d79cf
  RxKingfisher: e876dadbd1087bbf2b0a22ad92577fc21798d52e
  RxOptional: 3664964c96b69dd20c9cf78bdfe546615e26eca8
  RxRelay: e72dbfd157807478401ef1982e1c61c945c94b2f
  RxSwift: d356ab7bee873611322f134c5f9ef379fa183d8f
  RxSwiftExt: d61c4b9b06e0a448041b1c659e0f1b5c5a035afc
  RxTheme: be60cb14e0544b3cbd574cc37fed35ba9d61aa1f
  RxViewController: 56486fa0afd629a1d6b5ba077f3b8cd9dc31b5d2
  SDCycleScrollView: a0d74c3384caa72bdfc81470bdbc8c14b3e1fbcf
  SDWebImage: 62ae4a18473520c67b79e9724c31a63599cc9423
  SPAlert: 735da1f16a887e294719217572ce1f936d8c8782
  SwiftEntryKit: 61b5fa36f34a97dd8013e48a7345bc4c4720be9a
  SwifterSwift: 334181863c416882d97b7a60c05054d9e4d799e2
  SwiftMessages: f0c7ef4705a570ad6c5e208b611f4333e660ed92
  SwiftyFitsize: 5a24e56fd839c8c7c02c03f9a363b39070126354
  SwiftyImage: 65c71a147f417fc0fe137d17b135aaa666279a09
  TFDropDownMenu: 714ebed4d0735974720c22ed5141ee11891d0a7e
  Then: acfe0be7e98221c6204e12f8161459606d5d822d
  TinyConstraints: 7b7ccc0c485bb3bb47082138ff28bc33cd49897f
  Toaster: c3473963c78e8cabbf6ea6f11ad0fdaae6f54987
  TUIChat: b19d781228d43e4dd3de56c7759e170ef39fac61
  TUIConversation: 0a50b8e0d8b70e7d24994f68fac489e3aa51fd0d
  TUICore: 00277160c1e89c367cbbbc3bdaff373035f157a1
  TUIGroup: e655402d6deb05e6a6803c6dd537f8e50c95af50
  TXIMSDK_Plus_iOS: 4b7c1097ea9899f7bf95fa90e2cb4471389f93dd
  Typhoon: f8901ef1ad0e2fa520cda0f668492dd33353f7dc
  TZImagePickerController: edf61b8e87f26e3e445aa50eb66254bd7f4859db
  UITextView-WZB: aa7306ec35ad35d325f8e608366ecd5ac8c8eed9
  ViewAnimator: a9ceed80266e00fd435ec4fb99b2df64d580d0e4
  WeakMapTable: 05c694ce8439a7a9ebabb56187287a63c57673d6
  WMPageController: 0c7624d2b48e4f1ab92371688cf6744ed701575d
  YYCache: 8105b6638f5e849296c71f331ff83891a4942952
  YYImage: 1e1b62a9997399593e4b9c4ecfbbabbf1d3f3b54
  YYModel: 2a7fdd96aaa4b86a824e26d0c517de8928c04b30
  YYText: 5c461d709e24d55a182d1441c41dc639a18a4849
  YYWebImage: 5f7f36aee2ae293f016d418c7d6ba05c4863e928

PODFILE CHECKSUM: 1934244b7cabce31b67766c9a4f85e94c55b8c6c

COCOAPODS: 1.11.3
